
Microsoft Visual Studio Solution File, Format Version 12.00
# Visual Studio 15
VisualStudioVersion = 15.0.26730.12
MinimumVisualStudioVersion = 10.0.40219.1
Project("{FAE04EC0-301F-11D3-BF4B-00C04F79EFBC}") = "practice-web", "practice-web\practice-web.csproj", "{C7E793E2-97EC-404E-ADCA-358AA7D528EA}"
EndProject
Global
	GlobalSection(SolutionConfigurationPlatforms) = preSolution
		Debug|Any CPU = Debug|Any CPU
		Release|Any CPU = Release|Any CPU
	EndGlobalSection
	GlobalSection(ProjectConfigurationPlatforms) = postSolution
		{C7E793E2-97EC-404E-ADCA-358AA7D528EA}.Debug|Any CPU.ActiveCfg = Debug|Any CPU
		{C7E793E2-97EC-404E-ADCA-358AA7D528EA}.Debug|Any CPU.Build.0 = Debug|Any CPU
		{C7E793E2-97EC-404E-ADCA-358AA7D528EA}.Release|Any CPU.ActiveCfg = Release|Any CPU
		{C7E793E2-97EC-404E-ADCA-358AA7D528EA}.Release|Any CPU.Build.0 = Release|Any CPU
	EndGlobalSection
	GlobalSection(SolutionProperties) = preSolution
		HideSolutionNode = FALSE
	EndGlobalSection
	GlobalSection(ExtensibilityGlobals) = postSolution
		SolutionGuid = {F62A1B5F-07B1-487A-AA15-E3808B40788C}
	EndGlobalSection
EndGlobal
